
Microsoft Visual Studio Solution File, Format Version 12.00
# Visual Studio 15
VisualStudioVersion = 15.0.28307.852
MinimumVisualStudioVersion = 10.0.40219.1
Project("{FAE04EC0-301F-11D3-BF4B-00C04F79EFBC}") = "baitapxulyanhso", "WindowsFormsApp1\baitapxulyanhso.csproj", "{BD62429B-6AB6-4EC6-94D1-09634D8BD411}"
EndProject
Global
	GlobalSection(SolutionConfigurationPlatforms) = preSolution
		Debug|Any CPU = Debug|Any CPU
		Release|Any CPU = Release|Any CPU
	EndGlobalSection
	GlobalSection(ProjectConfigurationPlatforms) = postSolution
		{BD62429B-6AB6-4EC6-94D1-09634D8BD411}.Debug|Any CPU.ActiveCfg = Debug|Any CPU
		{BD62429B-6AB6-4EC6-94D1-09634D8BD411}.Debug|Any CPU.Build.0 = Debug|Any CPU
		{BD62429B-6AB6-4EC6-94D1-09634D8BD411}.Release|Any CPU.ActiveCfg = Release|Any CPU
		{BD62429B-6AB6-4EC6-94D1-09634D8BD411}.Release|Any CPU.Build.0 = Release|Any CPU
	EndGlobalSection
	GlobalSection(SolutionProperties) = preSolution
		HideSolutionNode = FALSE
	EndGlobalSection
	GlobalSection(ExtensibilityGlobals) = postSolution
		SolutionGuid = {A7387E76-18F7-41EB-A82B-724CC3220203}
	EndGlobalSection
EndGlobal
